// !$*UTF8*$!
{
	archiveVersion = 1;
	classes = {
	};
	objectVersion = 50;
	objects = {

/* Begin PBXBuildFile section */
		144D2ED125B9163F000D7C63 /* Main.storyboard in Resources */ = {isa = PBXBuildFile; fileRef = 144D2ED025B9163F000D7C63 /* Main.storyboard */; };
		144D2EDB25BA4D5A000D7C63 /* OrderConfirmationViewController.swift in Sources */ = {isa = PBXBuildFile; fileRef = 144D2EDA25BA4D5A000D7C63 /* OrderConfirmationViewController.swift */; };
		14AABCF125B3F45400ECFF4B /* AppDelegate.swift in Sources */ = {isa = PBXBuildFile; fileRef = 14AABCF025B3F45400ECFF4B /* AppDelegate.swift */; };
		14AABCF525B3F45400ECFF4B /* ViewController.swift in Sources */ = {isa = PBXBuildFile; fileRef = 14AABCF425B3F45400ECFF4B /* ViewController.swift */; };
		14AABCFA25B3F45500ECFF4B /* Assets.xcassets in Resources */ = {isa = PBXBuildFile; fileRef = 14AABCF925B3F45500ECFF4B /* Assets.xcassets */; };
		14AABCFD25B3F45500ECFF4B /* LaunchScreen.storyboard in Resources */ = {isa = PBXBuildFile; fileRef = 14AABCFB25B3F45500ECFF4B /* LaunchScreen.storyboard */; };
		14AABD0725B4049E00ECFF4B /* SceneDelegate.swift in Sources */ = {isa = PBXBuildFile; fileRef = 14AABD0625B4049E00ECFF4B /* SceneDelegate.swift */; };
		14AABD1425B40DAF00ECFF4B /* CategoryTableViewController.swift in Sources */ = {isa = PBXBuildFile; fileRef = 14AABD1325B40DAF00ECFF4B /* CategoryTableViewController.swift */; };
		14AABD1725B40DC400ECFF4B /* OrderTableViewController.swift in Sources */ = {isa = PBXBuildFile; fileRef = 14AABD1625B40DC400ECFF4B /* OrderTableViewController.swift */; };
		14AABD1A25B40DCD00ECFF4B /* MenuTableViewController.swift in Sources */ = {isa = PBXBuildFile; fileRef = 14AABD1925B40DCD00ECFF4B /* MenuTableViewController.swift */; };
		14AABD1D25B4122B00ECFF4B /* MenuItemDetailViewController.swift in Sources */ = {isa = PBXBuildFile; fileRef = 14AABD1C25B4122B00ECFF4B /* MenuItemDetailViewController.swift */; };
		14AABD2025B413D000ECFF4B /* MenuItem.swift in Sources */ = {isa = PBXBuildFile; fileRef = 14AABD1F25B413D000ECFF4B /* MenuItem.swift */; };
		14AABD2325B418BE00ECFF4B /* ResponseModels.swift in Sources */ = {isa = PBXBuildFile; fileRef = 14AABD2225B418BE00ECFF4B /* ResponseModels.swift */; };
		14AABD2625B41AEF00ECFF4B /* Order.swift in Sources */ = {isa = PBXBuildFile; fileRef = 14AABD2525B41AEF00ECFF4B /* Order.swift */; };
		14E20E5F25B77A6F001A3607 /* MenuController.swift in Sources */ = {isa = PBXBuildFile; fileRef = 14E20E5E25B77A6F001A3607 /* MenuController.swift */; };
/* End PBXBuildFile section */

/* Begin PBXFileReference section */
		144D2ED025B9163F000D7C63 /* Main.storyboard */ = {isa = PBXFileReference; fileEncoding = 4; lastKnownFileType = file.storyboard; path = Main.storyboard; sourceTree = "<group>"; };
		144D2EDA25BA4D5A000D7C63 /* OrderConfirmationViewController.swift */ = {isa = PBXFileReference; lastKnownFileType = sourcecode.swift; path = OrderConfirmationViewController.swift; sourceTree = "<group>"; };
		14AABCED25B3F45400ECFF4B /* OrderApp.app */ = {isa = PBXFileReference; explicitFileType = wrapper.application; includeInIndex = 0; path = OrderApp.app; sourceTree = BUILT_PRODUCTS_DIR; };
		14AABCF025B3F45400ECFF4B /* AppDelegate.swift */ = {isa = PBXFileReference; lastKnownFileType = sourcecode.swift; path = AppDelegate.swift; sourceTree = "<group>"; };
		14AABCF425B3F45400ECFF4B /* ViewController.swift */ = {isa = PBXFileReference; lastKnownFileType = sourcecode.swift; path = ViewController.swift; sourceTree = "<group>"; };
		14AABCF925B3F45500ECFF4B /* Assets.xcassets */ = {isa = PBXFileReference; lastKnownFileType = folder.assetcatalog; path = Assets.xcassets; sourceTree = "<group>"; };
		14AABCFC25B3F45500ECFF4B /* Base */ = {isa = PBXFileReference; lastKnownFileType = file.storyboard; name = Base; path = Base.lproj/LaunchScreen.storyboard; sourceTree = "<group>"; };
		14AABCFE25B3F45500ECFF4B /* Info.plist */ = {isa = PBXFileReference; lastKnownFileType = text.plist.xml; path = Info.plist; sourceTree = "<group>"; };
		14AABD0625B4049E00ECFF4B /* SceneDelegate.swift */ = {isa = PBXFileReference; fileEncoding = 4; lastKnownFileType = sourcecode.swift; path = SceneDelegate.swift; sourceTree = "<group>"; };
		14AABD1325B40DAF00ECFF4B /* CategoryTableViewController.swift */ = {isa = PBXFileReference; lastKnownFileType = sourcecode.swift; path = CategoryTableViewController.swift; sourceTree = "<group>"; };
		14AABD1625B40DC400ECFF4B /* OrderTableViewController.swift */ = {isa = PBXFileReference; lastKnownFileType = sourcecode.swift; path = OrderTableViewController.swift; sourceTree = "<group>"; };
		14AABD1925B40DCD00ECFF4B /* MenuTableViewController.swift */ = {isa = PBXFileReference; lastKnownFileType = sourcecode.swift; path = MenuTableViewController.swift; sourceTree = "<group>"; };
		14AABD1C25B4122B00ECFF4B /* MenuItemDetailViewController.swift */ = {isa = PBXFileReference; lastKnownFileType = sourcecode.swift; path = MenuItemDetailViewController.swift; sourceTree = "<group>"; };
		14AABD1F25B413D000ECFF4B /* MenuItem.swift */ = {isa = PBXFileReference; lastKnownFileType = sourcecode.swift; path = MenuItem.swift; sourceTree = "<group>"; };
		14AABD2225B418BE00ECFF4B /* ResponseModels.swift */ = {isa = PBXFileReference; lastKnownFileType = sourcecode.swift; path = ResponseModels.swift; sourceTree = "<group>"; };
		14AABD2525B41AEF00ECFF4B /* Order.swift */ = {isa = PBXFileReference; lastKnownFileType = sourcecode.swift; path = Order.swift; sourceTree = "<group>"; };
		14E20E5E25B77A6F001A3607 /* MenuController.swift */ = {isa = PBXFileReference; lastKnownFileType = sourcecode.swift; path = MenuController.swift; sourceTree = "<group>"; };
/* End PBXFileReference section */

/* Begin PBXFrameworksBuildPhase section */
		14AABCEA25B3F45400ECFF4B /* Frameworks */ = {
			isa = PBXFrameworksBuildPhase;
			buildActionMask = 2147483647;
			files = (
			);
			runOnlyForDeploymentPostprocessing = 0;
		};
/* End PBXFrameworksBuildPhase section */

/* Begin PBXGroup section */
		14AABCE425B3F45400ECFF4B = {
			isa = PBXGroup;
			children = (
				14AABCEF25B3F45400ECFF4B /* OrderApp */,
				14AABCEE25B3F45400ECFF4B /* Products */,
			);
			sourceTree = "<group>";
		};
		14AABCEE25B3F45400ECFF4B /* Products */ = {
			isa = PBXGroup;
			children = (
				14AABCED25B3F45400ECFF4B /* OrderApp.app */,
			);
			name = Products;
			sourceTree = "<group>";
		};
		14AABCEF25B3F45400ECFF4B /* OrderApp */ = {
			isa = PBXGroup;
			children = (
				144D2EDA25BA4D5A000D7C63 /* OrderConfirmationViewController.swift */,
				14AABCF025B3F45400ECFF4B /* AppDelegate.swift */,
				14AABD0625B4049E00ECFF4B /* SceneDelegate.swift */,
				14AABCF425B3F45400ECFF4B /* ViewController.swift */,
				14AABD1F25B413D000ECFF4B /* MenuItem.swift */,
				144D2ED025B9163F000D7C63 /* Main.storyboard */,
				14AABD2225B418BE00ECFF4B /* ResponseModels.swift */,
				14AABD2525B41AEF00ECFF4B /* Order.swift */,
				14AABD1C25B4122B00ECFF4B /* MenuItemDetailViewController.swift */,
				14AABD1325B40DAF00ECFF4B /* CategoryTableViewController.swift */,
				14AABD1625B40DC400ECFF4B /* OrderTableViewController.swift */,
				14AABD1925B40DCD00ECFF4B /* MenuTableViewController.swift */,
				14AABCF925B3F45500ECFF4B /* Assets.xcassets */,
				14AABCFB25B3F45500ECFF4B /* LaunchScreen.storyboard */,
				14AABCFE25B3F45500ECFF4B /* Info.plist */,
				14E20E5E25B77A6F001A3607 /* MenuController.swift */,
			);
			path = OrderApp;
			sourceTree = "<group>";
		};
/* End PBXGroup section */

/* Begin PBXNativeTarget section */
		14AABCEC25B3F45400ECFF4B /* OrderApp */ = {
			isa = PBXNativeTarget;
			buildConfigurationList = 14AABD0125B3F45500ECFF4B /* Build configuration list for PBXNativeTarget "OrderApp" */;
			buildPhases = (
				14AABCE925B3F45400ECFF4B /* Sources */,
				14AABCEA25B3F45400ECFF4B /* Frameworks */,
				14AABCEB25B3F45400ECFF4B /* Resources */,
			);
			buildRules = (
			);
			dependencies = (
			);
			name = OrderApp;
			productName = OrderApp;
			productReference = 14AABCED25B3F45400ECFF4B /* OrderApp.app */;
			productType = "com.apple.product-type.application";
		};
/* End PBXNativeTarget section */

/* Begin PBXProject section */
		14AABCE525B3F45400ECFF4B /* Project object */ = {
			isa = PBXProject;
			attributes = {
				LastSwiftUpdateCheck = 1230;
				LastUpgradeCheck = 1230;
				TargetAttributes = {
					14AABCEC25B3F45400ECFF4B = {
						CreatedOnToolsVersion = 12.3;
					};
				};
			};
			buildConfigurationList = 14AABCE825B3F45400ECFF4B /* Build configuration list for PBXProject "OrderApp" */;
			compatibilityVersion = "Xcode 9.3";
			developmentRegion = en;
			hasScannedForEncodings = 0;
			knownRegions = (
				en,
				Base,
			);
			mainGroup = 14AABCE425B3F45400ECFF4B;
			productRefGroup = 14AABCEE25B3F45400ECFF4B /* Products */;
			projectDirPath = "";
			projectRoot = "";
			targets = (
				14AABCEC25B3F45400ECFF4B /* OrderApp */,
			);
		};
/* End PBXProject section */

/* Begin PBXResourcesBuildPhase section */
		14AABCEB25B3F45400ECFF4B /* Resources */ = {
			isa = PBXResourcesBuildPhase;
			buildActionMask = 2147483647;
			files = (
				144D2ED125B9163F000D7C63 /* Main.storyboard in Resources */,
				14AABCFD25B3F45500ECFF4B /* LaunchScreen.storyboard in Resources */,
				14AABCFA25B3F45500ECFF4B /* Assets.xcassets in Resources */,
			);
			runOnlyForDeploymentPostprocessing = 0;
		};
/* End PBXResourcesBuildPhase section */

/* Begin PBXSourcesBuildPhase section */
		14AABCE925B3F45400ECFF4B /* Sources */ = {
			isa = PBXSourcesBuildPhase;
			buildActionMask = 2147483647;
			files = (
				14AABCF525B3F45400ECFF4B /* ViewController.swift in Sources */,
				14AABD1725B40DC400ECFF4B /* OrderTableViewController.swift in Sources */,
				14AABD2625B41AEF00ECFF4B /* Order.swift in Sources */,
				14AABD1A25B40DCD00ECFF4B /* MenuTableViewController.swift in Sources */,
				14AABD1D25B4122B00ECFF4B /* MenuItemDetailViewController.swift in Sources */,
				14E20E5F25B77A6F001A3607 /* MenuController.swift in Sources */,
				14AABCF125B3F45400ECFF4B /* AppDelegate.swift in Sources */,
				14AABD2325B418BE00ECFF4B /* ResponseModels.swift in Sources */,
				144D2EDB25BA4D5A000D7C63 /* OrderConfirmationViewController.swift in Sources */,
				14AABD2025B413D000ECFF4B /* MenuItem.swift in Sources */,
				14AABD0725B4049E00ECFF4B /* SceneDelegate.swift in Sources */,
				14AABD1425B40DAF00ECFF4B /* CategoryTableViewController.swift in Sources */,
			);
			runOnlyForDeploymentPostprocessing = 0;
		};
/* End PBXSourcesBuildPhase section */

/* Begin PBXVariantGroup section */
		14AABCFB25B3F45500ECFF4B /* LaunchScreen.storyboard */ = {
			isa = PBXVariantGroup;
			children = (
				14AABCFC25B3F45500ECFF4B /* Base */,
			);
			name = LaunchScreen.storyboard;
			sourceTree = "<group>";
		};
/* End PBXVariantGroup section */

/* Begin XCBuildConfiguration section */
		14AABCFF25B3F45500ECFF4B /* Debug */ = {
			isa = XCBuildConfiguration;
			buildSettings = {
				ALWAYS_SEARCH_USER_PATHS = NO;
				CLANG_ANALYZER_NONNULL = YES;
				CLANG_ANALYZER_NUMBER_OBJECT_CONVERSION = YES_AGGRESSIVE;
				CLANG_CXX_LANGUAGE_STANDARD = "gnu++14";
				CLANG_CXX_LIBRARY = "libc++";
				CLANG_ENABLE_MODULES = YES;
				CLANG_ENABLE_OBJC_ARC = YES;
				CLANG_ENABLE_OBJC_WEAK = YES;
				CLANG_WARN_BLOCK_CAPTURE_AUTORELEASING = YES;
				CLANG_WARN_BOOL_CONVERSION = YES;
				CLANG_WARN_COMMA = YES;
				CLANG_WARN_CONSTANT_CONVERSION = YES;
				CLANG_WARN_DEPRECATED_OBJC_IMPLEMENTATIONS = YES;
				CLANG_WARN_DIRECT_OBJC_ISA_USAGE = YES_ERROR;
				CLANG_WARN_DOCUMENTATION_COMMENTS = YES;
				CLANG_WARN_EMPTY_BODY = YES;
				CLANG_WARN_ENUM_CONVERSION = YES;
				CLANG_WARN_INFINITE_RECURSION = YES;
				CLANG_WARN_INT_CONVERSION = YES;
				CLANG_WARN_NON_LITERAL_NULL_CONVERSION = YES;
				CLANG_WARN_OBJC_IMPLICIT_RETAIN_SELF = YES;
				CLANG_WARN_OBJC_LITERAL_CONVERSION = YES;
				CLANG_WARN_OBJC_ROOT_CLASS = YES_ERROR;
				CLANG_WARN_QUOTED_INCLUDE_IN_FRAMEWORK_HEADER = YES;
				CLANG_WARN_RANGE_LOOP_ANALYSIS = YES;
				CLANG_WARN_STRICT_PROTOTYPES = YES;
				CLANG_WARN_SUSPICIOUS_MOVE = YES;
				CLANG_WARN_UNGUARDED_AVAILABILITY = YES_AGGRESSIVE;
				CLANG_WARN_UNREACHABLE_CODE = YES;
				CLANG_WARN__DUPLICATE_METHOD_MATCH = YES;
				COPY_PHASE_STRIP = NO;
				DEBUG_INFORMATION_FORMAT = dwarf;
				ENABLE_STRICT_OBJC_MSGSEND = YES;
				ENABLE_TESTABILITY = YES;
				GCC_C_LANGUAGE_STANDARD = gnu11;
				GCC_DYNAMIC_NO_PIC = NO;
				GCC_NO_COMMON_BLOCKS = YES;
				GCC_OPTIMIZATION_LEVEL = 0;
				GCC_PREPROCESSOR_DEFINITIONS = (
					"DEBUG=1",
					"$(inherited)",
				);
				GCC_WARN_64_TO_32_BIT_CONVERSION = YES;
				GCC_WARN_ABOUT_RETURN_TYPE = YES_ERROR;
				GCC_WARN_UNDECLARED_SELECTOR = YES;
				GCC_WARN_UNINITIALIZED_AUTOS = YES_AGGRESSIVE;
				GCC_WARN_UNUSED_FUNCTION = YES;
				GCC_WARN_UNUSED_VARIABLE = YES;
				IPHONEOS_DEPLOYMENT_TARGET = 14.3;
				MTL_ENABLE_DEBUG_INFO = INCLUDE_SOURCE;
				MTL_FAST_MATH = YES;
				ONLY_ACTIVE_ARCH = YES;
				SDKROOT = iphoneos;
				SWIFT_ACTIVE_COMPILATION_CONDITIONS = DEBUG;
				SWIFT_OPTIMIZATION_LEVEL = "-Onone";
			};
			name = Debug;
		};
		14AABD0025B3F45500ECFF4B /* Release */ = {
			isa = XCBuildConfiguration;
			buildSettings = {
				ALWAYS_SEARCH_USER_PATHS = NO;
				CLANG_ANALYZER_NONNULL = YES;
				CLANG_ANALYZER_NUMBER_OBJECT_CONVERSION = YES_AGGRESSIVE;
				CLANG_CXX_LANGUAGE_STANDARD = "gnu++14";
				CLANG_CXX_LIBRARY = "libc++";
				CLANG_ENABLE_MODULES = YES;
				CLANG_ENABLE_OBJC_ARC = YES;
				CLANG_ENABLE_OBJC_WEAK = YES;
				CLANG_WARN_BLOCK_CAPTURE_AUTORELEASING = YES;
				CLANG_WARN_BOOL_CONVERSION = YES;
				CLANG_WARN_COMMA = YES;
				CLANG_WARN_CONSTANT_CONVERSION = YES;
				CLANG_WARN_DEPRECATED_OBJC_IMPLEMENTATIONS = YES;
				CLANG_WARN_DIRECT_OBJC_ISA_USAGE = YES_ERROR;
				CLANG_WARN_DOCUMENTATION_COMMENTS = YES;
				CLANG_WARN_EMPTY_BODY = YES;
				CLANG_WARN_ENUM_CONVERSION = YES;
				CLANG_WARN_INFINITE_RECURSION = YES;
				CLANG_WARN_INT_CONVERSION = YES;
				CLANG_WARN_NON_LITERAL_NULL_CONVERSION = YES;
				CLANG_WARN_OBJC_IMPLICIT_RETAIN_SELF = YES;
				CLANG_WARN_OBJC_LITERAL_CONVERSION = YES;
				CLANG_WARN_OBJC_ROOT_CLASS = YES_ERROR;
				CLANG_WARN_QUOTED_INCLUDE_IN_FRAMEWORK_HEADER = YES;
				CLANG_WARN_RANGE_LOOP_ANALYSIS = YES;
				CLANG_WARN_STRICT_PROTOTYPES = YES;
				CLANG_WARN_SUSPICIOUS_MOVE = YES;
				CLANG_WARN_UNGUARDED_AVAILABILITY = YES_AGGRESSIVE;
				CLANG_WARN_UNREACHABLE_CODE = YES;
				CLANG_WARN__DUPLICATE_METHOD_MATCH = YES;
				COPY_PHASE_STRIP = NO;
				DEBUG_INFORMATION_FORMAT = "dwarf-with-dsym";
				ENABLE_NS_ASSERTIONS = NO;
				ENABLE_STRICT_OBJC_MSGSEND = YES;
				GCC_C_LANGUAGE_STANDARD = gnu11;
				GCC_NO_COMMON_BLOCKS = YES;
				GCC_WARN_64_TO_32_BIT_CONVERSION = YES;
				GCC_WARN_ABOUT_RETURN_TYPE = YES_ERROR;
				GCC_WARN_UNDECLARED_SELECTOR = YES;
				GCC_WARN_UNINITIALIZED_AUTOS = YES_AGGRESSIVE;
				GCC_WARN_UNUSED_FUNCTION = YES;
				GCC_WARN_UNUSED_VARIABLE = YES;
				IPHONEOS_DEPLOYMENT_TARGET = 14.3;
				MTL_ENABLE_DEBUG_INFO = NO;
				MTL_FAST_MATH = YES;
				SDKROOT = iphoneos;
				SWIFT_COMPILATION_MODE = wholemodule;
				SWIFT_OPTIMIZATION_LEVEL = "-O";
				VALIDATE_PRODUCT = YES;
			};
			name = Release;
		};
		14AABD0225B3F45500ECFF4B /* Debug */ = {
			isa = XCBuildConfiguration;
			buildSettings = {
				ASSETCATALOG_COMPILER_APPICON_NAME = AppIcon;
				ASSETCATALOG_COMPILER_GLOBAL_ACCENT_COLOR_NAME = AccentColor;
				CODE_SIGN_STYLE = Automatic;
				DEVELOPMENT_TEAM = 2RYK4AKN5Y;
				INFOPLIST_FILE = OrderApp/Info.plist;
				LD_RUNPATH_SEARCH_PATHS = (
					"$(inherited)",
					"@executable_path/Frameworks",
				);
				PRODUCT_BUNDLE_IDENTIFIER = com.gaiotto.OrderApp;
				PRODUCT_NAME = "$(TARGET_NAME)";
				SWIFT_VERSION = 5.0;
				TARGETED_DEVICE_FAMILY = "1,2";
			};
			name = Debug;
		};
		14AABD0325B3F45500ECFF4B /* Release */ = {
			isa = XCBuildConfiguration;
			buildSettings = {
				ASSETCATALOG_COMPILER_APPICON_NAME = AppIcon;
				ASSETCATALOG_COMPILER_GLOBAL_ACCENT_COLOR_NAME = AccentColor;
				CODE_SIGN_STYLE = Automatic;
				DEVELOPMENT_TEAM = 2RYK4AKN5Y;
				INFOPLIST_FILE = OrderApp/Info.plist;
				LD_RUNPATH_SEARCH_PATHS = (
					"$(inherited)",
					"@executable_path/Frameworks",
				);
				PRODUCT_BUNDLE_IDENTIFIER = com.gaiotto.OrderApp;
				PRODUCT_NAME = "$(TARGET_NAME)";
				SWIFT_VERSION = 5.0;
				TARGETED_DEVICE_FAMILY = "1,2";
			};
			name = Release;
		};
/* End XCBuildConfiguration section */

/* Begin XCConfigurationList section */
		14AABCE825B3F45400ECFF4B /* Build configuration list for PBXProject "OrderApp" */ = {
			isa = XCConfigurationList;
			buildConfigurations = (
				14AABCFF25B3F45500ECFF4B /* Debug */,
				14AABD0025B3F45500ECFF4B /* Release */,
			);
			defaultConfigurationIsVisible = 0;
			defaultConfigurationName = Release;
		};
		14AABD0125B3F45500ECFF4B /* Build configuration list for PBXNativeTarget "OrderApp" */ = {
			isa = XCConfigurationList;
			buildConfigurations = (
				14AABD0225B3F45500ECFF4B /* Debug */,
				14AABD0325B3F45500ECFF4B /* Release */,
			);
			defaultConfigurationIsVisible = 0;
			defaultConfigurationName = Release;
		};
/* End XCConfigurationList section */
	};
	rootObject = 14AABCE525B3F45400ECFF4B /* Project object */;
}
